
Microsoft Visual Studio Solution File, Format Version 12.00
# Visual Studio Version 17
VisualStudioVersion = 17.8.34330.188
MinimumVisualStudioVersion = 10.0.40219.1
Project("{FAE04EC0-301F-11D3-BF4B-00C04F79EFBC}") = "API", "API\API.csproj", "{F646554E-0E70-4DC7-A438-F419B095135C}"
EndProject
Global
	GlobalSection(SolutionConfigurationPlatforms) = preSolution
		Debug|Any CPU = Debug|Any CPU
		Release|Any CPU = Release|Any CPU
	EndGlobalSection
	GlobalSection(ProjectConfigurationPlatforms) = postSolution
		{F646554E-0E70-4DC7-A438-F419B095135C}.Debug|Any CPU.ActiveCfg = Debug|Any CPU
		{F646554E-0E70-4DC7-A438-F419B095135C}.Debug|Any CPU.Build.0 = Debug|Any CPU
		{F646554E-0E70-4DC7-A438-F419B095135C}.Release|Any CPU.ActiveCfg = Release|Any CPU
		{F646554E-0E70-4DC7-A438-F419B095135C}.Release|Any CPU.Build.0 = Release|Any CPU
	EndGlobalSection
	GlobalSection(SolutionProperties) = preSolution
		HideSolutionNode = FALSE
	EndGlobalSection
	GlobalSection(ExtensibilityGlobals) = postSolution
		SolutionGuid = {031B4303-7636-4178-B642-F66C66E392AE}
	EndGlobalSection
EndGlobal
